// !$*UTF8*$!
{
	archiveVersion = 1;
	classes = {
	};
	objectVersion = 50;
	objects = {

/* Begin PBXBuildFile section */
		1429C17822B5567D00BCA116 /* AppDelegate.swift in Sources */ = {isa = PBXBuildFile; fileRef = 1429C17722B5567D00BCA116 /* AppDelegate.swift */; };
		1429C17A22B5567D00BCA116 /* ViewController.swift in Sources */ = {isa = PBXBuildFile; fileRef = 1429C17922B5567D00BCA116 /* ViewController.swift */; };
		1429C17D22B5567D00BCA116 /* Main.storyboard in Resources */ = {isa = PBXBuildFile; fileRef = 1429C17B22B5567D00BCA116 /* Main.storyboard */; };
		1429C18022B5567D00BCA116 /* demoSqlite.xcdatamodeld in Sources */ = {isa = PBXBuildFile; fileRef = 1429C17E22B5567D00BCA116 /* demoSqlite.xcdatamodeld */; };
		1429C18222B5568000BCA116 /* Assets.xcassets in Resources */ = {isa = PBXBuildFile; fileRef = 1429C18122B5568000BCA116 /* Assets.xcassets */; };
		1429C18522B5568000BCA116 /* LaunchScreen.storyboard in Resources */ = {isa = PBXBuildFile; fileRef = 1429C18322B5568000BCA116 /* LaunchScreen.storyboard */; };
		1429C18F22B59F0200BCA116 /* signup.db in Resources */ = {isa = PBXBuildFile; fileRef = 1429C18E22B59F0100BCA116 /* signup.db */; };
/* End PBXBuildFile section */

/* Begin PBXFileReference section */
		1429C17422B5567D00BCA116 /* demoSqlite.app */ = {isa = PBXFileReference; explicitFileType = wrapper.application; includeInIndex = 0; path = demoSqlite.app; sourceTree = BUILT_PRODUCTS_DIR; };
		1429C17722B5567D00BCA116 /* AppDelegate.swift */ = {isa = PBXFileReference; lastKnownFileType = sourcecode.swift; path = AppDelegate.swift; sourceTree = "<group>"; };
		1429C17922B5567D00BCA116 /* ViewController.swift */ = {isa = PBXFileReference; lastKnownFileType = sourcecode.swift; path = ViewController.swift; sourceTree = "<group>"; };
		1429C17C22B5567D00BCA116 /* Base */ = {isa = PBXFileReference; lastKnownFileType = file.storyboard; name = Base; path = Base.lproj/Main.storyboard; sourceTree = "<group>"; };
		1429C17F22B5567D00BCA116 /* demoSqlite.xcdatamodel */ = {isa = PBXFileReference; lastKnownFileType = wrapper.xcdatamodel; path = demoSqlite.xcdatamodel; sourceTree = "<group>"; };
		1429C18122B5568000BCA116 /* Assets.xcassets */ = {isa = PBXFileReference; lastKnownFileType = folder.assetcatalog; path = Assets.xcassets; sourceTree = "<group>"; };
		1429C18422B5568000BCA116 /* Base */ = {isa = PBXFileReference; lastKnownFileType = file.storyboard; name = Base; path = Base.lproj/LaunchScreen.storyboard; sourceTree = "<group>"; };
		1429C18622B5568000BCA116 /* Info.plist */ = {isa = PBXFileReference; lastKnownFileType = text.plist.xml; path = Info.plist; sourceTree = "<group>"; };
		1429C18E22B59F0100BCA116 /* signup.db */ = {isa = PBXFileReference; lastKnownFileType = file; path = signup.db; sourceTree = "<group>"; };
/* End PBXFileReference section */

/* Begin PBXFrameworksBuildPhase section */
		1429C17122B5567D00BCA116 /* Frameworks */ = {
			isa = PBXFrameworksBuildPhase;
			buildActionMask = 2147483647;
			files = (
			);
			runOnlyForDeploymentPostprocessing = 0;
		};
/* End PBXFrameworksBuildPhase section */

/* Begin PBXGroup section */
		1429C16B22B5567D00BCA116 = {
			isa = PBXGroup;
			children = (
				1429C17622B5567D00BCA116 /* demoSqlite */,
				1429C17522B5567D00BCA116 /* Products */,
			);
			sourceTree = "<group>";
		};
		1429C17522B5567D00BCA116 /* Products */ = {
			isa = PBXGroup;
			children = (
				1429C17422B5567D00BCA116 /* demoSqlite.app */,
			);
			name = Products;
			sourceTree = "<group>";
		};
		1429C17622B5567D00BCA116 /* demoSqlite */ = {
			isa = PBXGroup;
			children = (
				1429C17722B5567D00BCA116 /* AppDelegate.swift */,
				1429C17922B5567D00BCA116 /* ViewController.swift */,
				1429C17B22B5567D00BCA116 /* Main.storyboard */,
				1429C18122B5568000BCA116 /* Assets.xcassets */,
				1429C18322B5568000BCA116 /* LaunchScreen.storyboard */,
				1429C18E22B59F0100BCA116 /* signup.db */,
				1429C18622B5568000BCA116 /* Info.plist */,
				1429C17E22B5567D00BCA116 /* demoSqlite.xcdatamodeld */,
			);
			path = demoSqlite;
			sourceTree = "<group>";
		};
/* End PBXGroup section */

/* Begin PBXNativeTarget section */
		1429C17322B5567D00BCA116 /* demoSqlite */ = {
			isa = PBXNativeTarget;
			buildConfigurationList = 1429C18922B5568000BCA116 /* Build configuration list for PBXNativeTarget "demoSqlite" */;
			buildPhases = (
				1429C17022B5567D00BCA116 /* Sources */,
				1429C17122B5567D00BCA116 /* Frameworks */,
				1429C17222B5567D00BCA116 /* Resources */,
			);
			buildRules = (
			);
			dependencies = (
			);
			name = demoSqlite;
			productName = demoSqlite;
			productReference = 1429C17422B5567D00BCA116 /* demoSqlite.app */;
			productType = "com.apple.product-type.application";
		};
/* End PBXNativeTarget section */

/* Begin PBXProject section */
		1429C16C22B5567D00BCA116 /* Project object */ = {
			isa = PBXProject;
			attributes = {
				LastSwiftUpdateCheck = 1020;
				LastUpgradeCheck = 1020;
				ORGANIZATIONNAME = "Jorge Pinedo";
				TargetAttributes = {
					1429C17322B5567D00BCA116 = {
						CreatedOnToolsVersion = 10.2.1;
					};
				};
			};
			buildConfigurationList = 1429C16F22B5567D00BCA116 /* Build configuration list for PBXProject "demoSqlite" */;
			compatibilityVersion = "Xcode 9.3";
			developmentRegion = en;
			hasScannedForEncodings = 0;
			knownRegions = (
				en,
				Base,
			);
			mainGroup = 1429C16B22B5567D00BCA116;
			productRefGroup = 1429C17522B5567D00BCA116 /* Products */;
			projectDirPath = "";
			projectRoot = "";
			targets = (
				1429C17322B5567D00BCA116 /* demoSqlite */,
			);
		};
/* End PBXProject section */

/* Begin PBXResourcesBuildPhase section */
		1429C17222B5567D00BCA116 /* Resources */ = {
			isa = PBXResourcesBuildPhase;
			buildActionMask = 2147483647;
			files = (
				1429C18522B5568000BCA116 /* LaunchScreen.storyboard in Resources */,
				1429C18222B5568000BCA116 /* Assets.xcassets in Resources */,
				1429C17D22B5567D00BCA116 /* Main.storyboard in Resources */,
				1429C18F22B59F0200BCA116 /* signup.db in Resources */,
			);
			runOnlyForDeploymentPostprocessing = 0;
		};
/* End PBXResourcesBuildPhase section */

/* Begin PBXSourcesBuildPhase section */
		1429C17022B5567D00BCA116 /* Sources */ = {
			isa = PBXSourcesBuildPhase;
			buildActionMask = 2147483647;
			files = (
				1429C17A22B5567D00BCA116 /* ViewController.swift in Sources */,
				1429C18022B5567D00BCA116 /* demoSqlite.xcdatamodeld in Sources */,
				1429C17822B5567D00BCA116 /* AppDelegate.swift in Sources */,
			);
			runOnlyForDeploymentPostprocessing = 0;
		};
/* End PBXSourcesBuildPhase section */

/* Begin PBXVariantGroup section */
		1429C17B22B5567D00BCA116 /* Main.storyboard */ = {
			isa = PBXVariantGroup;
			children = (
				1429C17C22B5567D00BCA116 /* Base */,
			);
			name = Main.storyboard;
			sourceTree = "<group>";
		};
		1429C18322B5568000BCA116 /* LaunchScreen.storyboard */ = {
			isa = PBXVariantGroup;
			children = (
				1429C18422B5568000BCA116 /* Base */,
			);
			name = LaunchScreen.storyboard;
			sourceTree = "<group>";
		};
/* End PBXVariantGroup section */

/* Begin XCBuildConfiguration section */
		1429C18722B5568000BCA116 /* Debug */ = {
			isa = XCBuildConfiguration;
			buildSettings = {
				ALWAYS_SEARCH_USER_PATHS = NO;
				CLANG_ANALYZER_NONNULL = YES;
				CLANG_ANALYZER_NUMBER_OBJECT_CONVERSION = YES_AGGRESSIVE;
				CLANG_CXX_LANGUAGE_STANDARD = "gnu++14";
				CLANG_CXX_LIBRARY = "libc++";
				CLANG_ENABLE_MODULES = YES;
				CLANG_ENABLE_OBJC_ARC = YES;
				CLANG_ENABLE_OBJC_WEAK = YES;
				CLANG_WARN_BLOCK_CAPTURE_AUTORELEASING = YES;
				CLANG_WARN_BOOL_CONVERSION = YES;
				CLANG_WARN_COMMA = YES;
				CLANG_WARN_CONSTANT_CONVERSION = YES;
				CLANG_WARN_DEPRECATED_OBJC_IMPLEMENTATIONS = YES;
				CLANG_WARN_DIRECT_OBJC_ISA_USAGE = YES_ERROR;
				CLANG_WARN_DOCUMENTATION_COMMENTS = YES;
				CLANG_WARN_EMPTY_BODY = YES;
				CLANG_WARN_ENUM_CONVERSION = YES;
				CLANG_WARN_INFINITE_RECURSION = YES;
				CLANG_WARN_INT_CONVERSION = YES;
				CLANG_WARN_NON_LITERAL_NULL_CONVERSION = YES;
				CLANG_WARN_OBJC_IMPLICIT_RETAIN_SELF = YES;
				CLANG_WARN_OBJC_LITERAL_CONVERSION = YES;
				CLANG_WARN_OBJC_ROOT_CLASS = YES_ERROR;
				CLANG_WARN_RANGE_LOOP_ANALYSIS = YES;
				CLANG_WARN_STRICT_PROTOTYPES = YES;
				CLANG_WARN_SUSPICIOUS_MOVE = YES;
				CLANG_WARN_UNGUARDED_AVAILABILITY = YES_AGGRESSIVE;
				CLANG_WARN_UNREACHABLE_CODE = YES;
				CLANG_WARN__DUPLICATE_METHOD_MATCH = YES;
				CODE_SIGN_IDENTITY = "iPhone Developer";
				COPY_PHASE_STRIP = NO;
				DEBUG_INFORMATION_FORMAT = dwarf;
				ENABLE_STRICT_OBJC_MSGSEND = YES;
				ENABLE_TESTABILITY = YES;
				GCC_C_LANGUAGE_STANDARD = gnu11;
				GCC_DYNAMIC_NO_PIC = NO;
				GCC_NO_COMMON_BLOCKS = YES;
				GCC_OPTIMIZATION_LEVEL = 0;
				GCC_PREPROCESSOR_DEFINITIONS = (
					"DEBUG=1",
					"$(inherited)",
				);
				GCC_WARN_64_TO_32_BIT_CONVERSION = YES;
				GCC_WARN_ABOUT_RETURN_TYPE = YES_ERROR;
				GCC_WARN_UNDECLARED_SELECTOR = YES;
				GCC_WARN_UNINITIALIZED_AUTOS = YES_AGGRESSIVE;
				GCC_WARN_UNUSED_FUNCTION = YES;
				GCC_WARN_UNUSED_VARIABLE = YES;
				IPHONEOS_DEPLOYMENT_TARGET = 12.2;
				MTL_ENABLE_DEBUG_INFO = INCLUDE_SOURCE;
				MTL_FAST_MATH = YES;
				ONLY_ACTIVE_ARCH = YES;
				SDKROOT = iphoneos;
				SWIFT_ACTIVE_COMPILATION_CONDITIONS = DEBUG;
				SWIFT_OPTIMIZATION_LEVEL = "-Onone";
			};
			name = Debug;
		};
		1429C18822B5568000BCA116 /* Release */ = {
			isa = XCBuildConfiguration;
			buildSettings = {
				ALWAYS_SEARCH_USER_PATHS = NO;
				CLANG_ANALYZER_NONNULL = YES;
				CLANG_ANALYZER_NUMBER_OBJECT_CONVERSION = YES_AGGRESSIVE;
				CLANG_CXX_LANGUAGE_STANDARD = "gnu++14";
				CLANG_CXX_LIBRARY = "libc++";
				CLANG_ENABLE_MODULES = YES;
				CLANG_ENABLE_OBJC_ARC = YES;
				CLANG_ENABLE_OBJC_WEAK = YES;
				CLANG_WARN_BLOCK_CAPTURE_AUTORELEASING = YES;
				CLANG_WARN_BOOL_CONVERSION = YES;
				CLANG_WARN_COMMA = YES;
				CLANG_WARN_CONSTANT_CONVERSION = YES;
				CLANG_WARN_DEPRECATED_OBJC_IMPLEMENTATIONS = YES;
				CLANG_WARN_DIRECT_OBJC_ISA_USAGE = YES_ERROR;
				CLANG_WARN_DOCUMENTATION_COMMENTS = YES;
				CLANG_WARN_EMPTY_BODY = YES;
				CLANG_WARN_ENUM_CONVERSION = YES;
				CLANG_WARN_INFINITE_RECURSION = YES;
				CLANG_WARN_INT_CONVERSION = YES;
				CLANG_WARN_NON_LITERAL_NULL_CONVERSION = YES;
				CLANG_WARN_OBJC_IMPLICIT_RETAIN_SELF = YES;
				CLANG_WARN_OBJC_LITERAL_CONVERSION = YES;
				CLANG_WARN_OBJC_ROOT_CLASS = YES_ERROR;
				CLANG_WARN_RANGE_LOOP_ANALYSIS = YES;
				CLANG_WARN_STRICT_PROTOTYPES = YES;
				CLANG_WARN_SUSPICIOUS_MOVE = YES;
				CLANG_WARN_UNGUARDED_AVAILABILITY = YES_AGGRESSIVE;
				CLANG_WARN_UNREACHABLE_CODE = YES;
				CLANG_WARN__DUPLICATE_METHOD_MATCH = YES;
				CODE_SIGN_IDENTITY = "iPhone Developer";
				COPY_PHASE_STRIP = NO;
				DEBUG_INFORMATION_FORMAT = "dwarf-with-dsym";
				ENABLE_NS_ASSERTIONS = NO;
				ENABLE_STRICT_OBJC_MSGSEND = YES;
				GCC_C_LANGUAGE_STANDARD = gnu11;
				GCC_NO_COMMON_BLOCKS = YES;
				GCC_WARN_64_TO_32_BIT_CONVERSION = YES;
				GCC_WARN_ABOUT_RETURN_TYPE = YES_ERROR;
				GCC_WARN_UNDECLARED_SELECTOR = YES;
				GCC_WARN_UNINITIALIZED_AUTOS = YES_AGGRESSIVE;
				GCC_WARN_UNUSED_FUNCTION = YES;
				GCC_WARN_UNUSED_VARIABLE = YES;
				IPHONEOS_DEPLOYMENT_TARGET = 12.2;
				MTL_ENABLE_DEBUG_INFO = NO;
				MTL_FAST_MATH = YES;
				SDKROOT = iphoneos;
				SWIFT_COMPILATION_MODE = wholemodule;
				SWIFT_OPTIMIZATION_LEVEL = "-O";
				VALIDATE_PRODUCT = YES;
			};
			name = Release;
		};
		1429C18A22B5568000BCA116 /* Debug */ = {
			isa = XCBuildConfiguration;
			buildSettings = {
				ASSETCATALOG_COMPILER_APPICON_NAME = AppIcon;
				CODE_SIGN_STYLE = Automatic;
				INFOPLIST_FILE = demoSqlite/Info.plist;
				LD_RUNPATH_SEARCH_PATHS = (
					"$(inherited)",
					"@executable_path/Frameworks",
				);
				PRODUCT_BUNDLE_IDENTIFIER = com.jorgepinedo.demoSqlite;
				PRODUCT_NAME = "$(TARGET_NAME)";
				SWIFT_VERSION = 5.0;
				TARGETED_DEVICE_FAMILY = "1,2";
			};
			name = Debug;
		};
		1429C18B22B5568000BCA116 /* Release */ = {
			isa = XCBuildConfiguration;
			buildSettings = {
				ASSETCATALOG_COMPILER_APPICON_NAME = AppIcon;
				CODE_SIGN_STYLE = Automatic;
				INFOPLIST_FILE = demoSqlite/Info.plist;
				LD_RUNPATH_SEARCH_PATHS = (
					"$(inherited)",
					"@executable_path/Frameworks",
				);
				PRODUCT_BUNDLE_IDENTIFIER = com.jorgepinedo.demoSqlite;
				PRODUCT_NAME = "$(TARGET_NAME)";
				SWIFT_VERSION = 5.0;
				TARGETED_DEVICE_FAMILY = "1,2";
			};
			name = Release;
		};
/* End XCBuildConfiguration section */

/* Begin XCConfigurationList section */
		1429C16F22B5567D00BCA116 /* Build configuration list for PBXProject "demoSqlite" */ = {
			isa = XCConfigurationList;
			buildConfigurations = (
				1429C18722B5568000BCA116 /* Debug */,
				1429C18822B5568000BCA116 /* Release */,
			);
			defaultConfigurationIsVisible = 0;
			defaultConfigurationName = Release;
		};
		1429C18922B5568000BCA116 /* Build configuration list for PBXNativeTarget "demoSqlite" */ = {
			isa = XCConfigurationList;
			buildConfigurations = (
				1429C18A22B5568000BCA116 /* Debug */,
				1429C18B22B5568000BCA116 /* Release */,
			);
			defaultConfigurationIsVisible = 0;
			defaultConfigurationName = Release;
		};
/* End XCConfigurationList section */

/* Begin XCVersionGroup section */
		1429C17E22B5567D00BCA116 /* demoSqlite.xcdatamodeld */ = {
			isa = XCVersionGroup;
			children = (
				1429C17F22B5567D00BCA116 /* demoSqlite.xcdatamodel */,
			);
			currentVersion = 1429C17F22B5567D00BCA116 /* demoSqlite.xcdatamodel */;
			path = demoSqlite.xcdatamodeld;
			sourceTree = "<group>";
			versionGroupType = wrapper.xcdatamodel;
		};
/* End XCVersionGroup section */
	};
	rootObject = 1429C16C22B5567D00BCA116 /* Project object */;
}
